
Microsoft Visual Studio Solution File, Format Version 12.00
# Visual Studio Version 16
VisualStudioVersion = 16.0.29503.13
MinimumVisualStudioVersion = 10.0.40219.1
Project("{FAE04EC0-301F-11D3-BF4B-00C04F79EFBC}") = "Serwer_TCP_Login", "Serwer_Echo\Serwer_TCP_Login.csproj", "{50509608-A099-4C32-B655-1C465AC8A2EA}"
EndProject
Project("{FAE04EC0-301F-11D3-BF4B-00C04F79EFBC}") = "Serwer_TCP_Login_Lib", "Serwer_Echo_Lib\Serwer_TCP_Login_Lib.csproj", "{A23F70E3-A8E3-4F2C-9582-9C4D714930C4}"
EndProject
Global
	GlobalSection(SolutionConfigurationPlatforms) = preSolution
		Debug|Any CPU = Debug|Any CPU
		Release|Any CPU = Release|Any CPU
	EndGlobalSection
	GlobalSection(ProjectConfigurationPlatforms) = postSolution
		{50509608-A099-4C32-B655-1C465AC8A2EA}.Debug|Any CPU.ActiveCfg = Debug|Any CPU
		{50509608-A099-4C32-B655-1C465AC8A2EA}.Debug|Any CPU.Build.0 = Debug|Any CPU
		{50509608-A099-4C32-B655-1C465AC8A2EA}.Release|Any CPU.ActiveCfg = Release|Any CPU
		{50509608-A099-4C32-B655-1C465AC8A2EA}.Release|Any CPU.Build.0 = Release|Any CPU
		{A23F70E3-A8E3-4F2C-9582-9C4D714930C4}.Debug|Any CPU.ActiveCfg = Debug|Any CPU
		{A23F70E3-A8E3-4F2C-9582-9C4D714930C4}.Debug|Any CPU.Build.0 = Debug|Any CPU
		{A23F70E3-A8E3-4F2C-9582-9C4D714930C4}.Release|Any CPU.ActiveCfg = Release|Any CPU
		{A23F70E3-A8E3-4F2C-9582-9C4D714930C4}.Release|Any CPU.Build.0 = Release|Any CPU
	EndGlobalSection
	GlobalSection(SolutionProperties) = preSolution
		HideSolutionNode = FALSE
	EndGlobalSection
	GlobalSection(ExtensibilityGlobals) = postSolution
		SolutionGuid = {ABD5CD32-62D8-473E-8086-4F363DFDAC51}
	EndGlobalSection
EndGlobal
